
Microsoft Visual Studio Solution File, Format Version 12.00
# Visual Studio Version 16
VisualStudioVersion = 16.0.30128.74
MinimumVisualStudioVersion = 10.0.40219.1
Project("{FAE04EC0-301F-11D3-BF4B-00C04F79EFBC}") = "XFKidzeeZone.Android", "XFKidzeeZone\XFKidzeeZone.Android\XFKidzeeZone.Android.csproj", "{6A59BD63-F6A0-4AF8-957B-6B9BE57938EE}"
EndProject
Project("{FAE04EC0-301F-11D3-BF4B-00C04F79EFBC}") = "XFKidzeeZone.iOS", "XFKidzeeZone\XFKidzeeZone.iOS\XFKidzeeZone.iOS.csproj", "{E4918DA3-C74F-4FFC-8CD7-92A55BEDCDB8}"
EndProject
Project("{9A19103F-16F7-4668-BE54-9A1E7A4F7556}") = "XFKidzeeZone", "XFKidzeeZone\XFKidzeeZone\XFKidzeeZone.csproj", "{7D00A43A-9983-4DAA-BE2A-141A2D3780FE}"
EndProject
Global
	GlobalSection(SolutionConfigurationPlatforms) = preSolution
		Debug|Any CPU = Debug|Any CPU
		Debug|ARM = Debug|ARM
		Debug|iPhone = Debug|iPhone
		Debug|iPhoneSimulator = Debug|iPhoneSimulator
		Debug|x64 = Debug|x64
		Debug|x86 = Debug|x86
		Release|Any CPU = Release|Any CPU
		Release|ARM = Release|ARM
		Release|iPhone = Release|iPhone
		Release|iPhoneSimulator = Release|iPhoneSimulator
		Release|x64 = Release|x64
		Release|x86 = Release|x86
	EndGlobalSection
	GlobalSection(ProjectConfigurationPlatforms) = postSolution
		{6A59BD63-F6A0-4AF8-957B-6B9BE57938EE}.Debug|Any CPU.ActiveCfg = Debug|Any CPU
		{6A59BD63-F6A0-4AF8-957B-6B9BE57938EE}.Debug|Any CPU.Build.0 = Debug|Any CPU
		{6A59BD63-F6A0-4AF8-957B-6B9BE57938EE}.Debug|Any CPU.Deploy.0 = Debug|Any CPU
		{6A59BD63-F6A0-4AF8-957B-6B9BE57938EE}.Debug|ARM.ActiveCfg = Debug|Any CPU
		{6A59BD63-F6A0-4AF8-957B-6B9BE57938EE}.Debug|ARM.Build.0 = Debug|Any CPU
		{6A59BD63-F6A0-4AF8-957B-6B9BE57938EE}.Debug|ARM.Deploy.0 = Debug|Any CPU
		{6A59BD63-F6A0-4AF8-957B-6B9BE57938EE}.Debug|iPhone.ActiveCfg = Debug|Any CPU
		{6A59BD63-F6A0-4AF8-957B-6B9BE57938EE}.Debug|iPhone.Build.0 = Debug|Any CPU
		{6A59BD63-F6A0-4AF8-957B-6B9BE57938EE}.Debug|iPhone.Deploy.0 = Debug|Any CPU
		{6A59BD63-F6A0-4AF8-957B-6B9BE57938EE}.Debug|iPhoneSimulator.ActiveCfg = Debug|Any CPU
		{6A59BD63-F6A0-4AF8-957B-6B9BE57938EE}.Debug|iPhoneSimulator.Build.0 = Debug|Any CPU
		{6A59BD63-F6A0-4AF8-957B-6B9BE57938EE}.Debug|iPhoneSimulator.Deploy.0 = Debug|Any CPU
		{6A59BD63-F6A0-4AF8-957B-6B9BE57938EE}.Debug|x64.ActiveCfg = Debug|Any CPU
		{6A59BD63-F6A0-4AF8-957B-6B9BE57938EE}.Debug|x64.Build.0 = Debug|Any CPU
		{6A59BD63-F6A0-4AF8-957B-6B9BE57938EE}.Debug|x64.Deploy.0 = Debug|Any CPU
		{6A59BD63-F6A0-4AF8-957B-6B9BE57938EE}.Debug|x86.ActiveCfg = Debug|Any CPU
		{6A59BD63-F6A0-4AF8-957B-6B9BE57938EE}.Debug|x86.Build.0 = Debug|Any CPU
		{6A59BD63-F6A0-4AF8-957B-6B9BE57938EE}.Debug|x86.Deploy.0 = Debug|Any CPU
		{6A59BD63-F6A0-4AF8-957B-6B9BE57938EE}.Release|Any CPU.ActiveCfg = Release|Any CPU
		{6A59BD63-F6A0-4AF8-957B-6B9BE57938EE}.Release|Any CPU.Build.0 = Release|Any CPU
		{6A59BD63-F6A0-4AF8-957B-6B9BE57938EE}.Release|Any CPU.Deploy.0 = Release|Any CPU
		{6A59BD63-F6A0-4AF8-957B-6B9BE57938EE}.Release|ARM.ActiveCfg = Release|Any CPU
		{6A59BD63-F6A0-4AF8-957B-6B9BE57938EE}.Release|ARM.Build.0 = Release|Any CPU
		{6A59BD63-F6A0-4AF8-957B-6B9BE57938EE}.Release|ARM.Deploy.0 = Release|Any CPU
		{6A59BD63-F6A0-4AF8-957B-6B9BE57938EE}.Release|iPhone.ActiveCfg = Release|Any CPU
		{6A59BD63-F6A0-4AF8-957B-6B9BE57938EE}.Release|iPhone.Build.0 = Release|Any CPU
		{6A59BD63-F6A0-4AF8-957B-6B9BE57938EE}.Release|iPhone.Deploy.0 = Release|Any CPU
		{6A59BD63-F6A0-4AF8-957B-6B9BE57938EE}.Release|iPhoneSimulator.ActiveCfg = Release|Any CPU
		{6A59BD63-F6A0-4AF8-957B-6B9BE57938EE}.Release|iPhoneSimulator.Build.0 = Release|Any CPU
		{6A59BD63-F6A0-4AF8-957B-6B9BE57938EE}.Release|iPhoneSimulator.Deploy.0 = Release|Any CPU
		{6A59BD63-F6A0-4AF8-957B-6B9BE57938EE}.Release|x64.ActiveCfg = Release|Any CPU
		{6A59BD63-F6A0-4AF8-957B-6B9BE57938EE}.Release|x64.Build.0 = Release|Any CPU
		{6A59BD63-F6A0-4AF8-957B-6B9BE57938EE}.Release|x64.Deploy.0 = Release|Any CPU
		{6A59BD63-F6A0-4AF8-957B-6B9BE57938EE}.Release|x86.ActiveCfg = Release|Any CPU
		{6A59BD63-F6A0-4AF8-957B-6B9BE57938EE}.Release|x86.Build.0 = Release|Any CPU
		{6A59BD63-F6A0-4AF8-957B-6B9BE57938EE}.Release|x86.Deploy.0 = Release|Any CPU
		{E4918DA3-C74F-4FFC-8CD7-92A55BEDCDB8}.Debug|Any CPU.ActiveCfg = Debug|iPhone
		{E4918DA3-C74F-4FFC-8CD7-92A55BEDCDB8}.Debug|Any CPU.Build.0 = Debug|iPhone
		{E4918DA3-C74F-4FFC-8CD7-92A55BEDCDB8}.Debug|Any CPU.Deploy.0 = Debug|iPhone
		{E4918DA3-C74F-4FFC-8CD7-92A55BEDCDB8}.Debug|ARM.ActiveCfg = Debug|iPhone
		{E4918DA3-C74F-4FFC-8CD7-92A55BEDCDB8}.Debug|ARM.Build.0 = Debug|iPhone
		{E4918DA3-C74F-4FFC-8CD7-92A55BEDCDB8}.Debug|ARM.Deploy.0 = Debug|iPhone
		{E4918DA3-C74F-4FFC-8CD7-92A55BEDCDB8}.Debug|iPhone.ActiveCfg = Debug|iPhone
		{E4918DA3-C74F-4FFC-8CD7-92A55BEDCDB8}.Debug|iPhone.Build.0 = Debug|iPhone
		{E4918DA3-C74F-4FFC-8CD7-92A55BEDCDB8}.Debug|iPhone.Deploy.0 = Debug|iPhone
		{E4918DA3-C74F-4FFC-8CD7-92A55BEDCDB8}.Debug|iPhoneSimulator.ActiveCfg = Debug|iPhoneSimulator
		{E4918DA3-C74F-4FFC-8CD7-92A55BEDCDB8}.Debug|iPhoneSimulator.Build.0 = Debug|iPhoneSimulator
		{E4918DA3-C74F-4FFC-8CD7-92A55BEDCDB8}.Debug|iPhoneSimulator.Deploy.0 = Debug|iPhoneSimulator
		{E4918DA3-C74F-4FFC-8CD7-92A55BEDCDB8}.Debug|x64.ActiveCfg = Debug|iPhone
		{E4918DA3-C74F-4FFC-8CD7-92A55BEDCDB8}.Debug|x64.Build.0 = Debug|iPhone
		{E4918DA3-C74F-4FFC-8CD7-92A55BEDCDB8}.Debug|x64.Deploy.0 = Debug|iPhone
		{E4918DA3-C74F-4FFC-8CD7-92A55BEDCDB8}.Debug|x86.ActiveCfg = Debug|iPhone
		{E4918DA3-C74F-4FFC-8CD7-92A55BEDCDB8}.Debug|x86.Build.0 = Debug|iPhone
		{E4918DA3-C74F-4FFC-8CD7-92A55BEDCDB8}.Debug|x86.Deploy.0 = Debug|iPhone
		{E4918DA3-C74F-4FFC-8CD7-92A55BEDCDB8}.Release|Any CPU.ActiveCfg = Release|iPhone
		{E4918DA3-C74F-4FFC-8CD7-92A55BEDCDB8}.Release|Any CPU.Build.0 = Release|iPhone
		{E4918DA3-C74F-4FFC-8CD7-92A55BEDCDB8}.Release|Any CPU.Deploy.0 = Release|iPhone
		{E4918DA3-C74F-4FFC-8CD7-92A55BEDCDB8}.Release|ARM.ActiveCfg = Release|iPhone
		{E4918DA3-C74F-4FFC-8CD7-92A55BEDCDB8}.Release|ARM.Build.0 = Release|iPhone
		{E4918DA3-C74F-4FFC-8CD7-92A55BEDCDB8}.Release|ARM.Deploy.0 = Release|iPhone
		{E4918DA3-C74F-4FFC-8CD7-92A55BEDCDB8}.Release|iPhone.ActiveCfg = Release|iPhone
		{E4918DA3-C74F-4FFC-8CD7-92A55BEDCDB8}.Release|iPhone.Build.0 = Release|iPhone
		{E4918DA3-C74F-4FFC-8CD7-92A55BEDCDB8}.Release|iPhone.Deploy.0 = Release|iPhone
		{E4918DA3-C74F-4FFC-8CD7-92A55BEDCDB8}.Release|iPhoneSimulator.ActiveCfg = Release|iPhoneSimulator
		{E4918DA3-C74F-4FFC-8CD7-92A55BEDCDB8}.Release|iPhoneSimulator.Build.0 = Release|iPhoneSimulator
		{E4918DA3-C74F-4FFC-8CD7-92A55BEDCDB8}.Release|iPhoneSimulator.Deploy.0 = Release|iPhoneSimulator
		{E4918DA3-C74F-4FFC-8CD7-92A55BEDCDB8}.Release|x64.ActiveCfg = Release|iPhone
		{E4918DA3-C74F-4FFC-8CD7-92A55BEDCDB8}.Release|x64.Build.0 = Release|iPhone
		{E4918DA3-C74F-4FFC-8CD7-92A55BEDCDB8}.Release|x64.Deploy.0 = Release|iPhone
		{E4918DA3-C74F-4FFC-8CD7-92A55BEDCDB8}.Release|x86.ActiveCfg = Release|iPhone
		{E4918DA3-C74F-4FFC-8CD7-92A55BEDCDB8}.Release|x86.Build.0 = Release|iPhone
		{E4918DA3-C74F-4FFC-8CD7-92A55BEDCDB8}.Release|x86.Deploy.0 = Release|iPhone
		{7D00A43A-9983-4DAA-BE2A-141A2D3780FE}.Debug|Any CPU.ActiveCfg = Debug|Any CPU
		{7D00A43A-9983-4DAA-BE2A-141A2D3780FE}.Debug|Any CPU.Build.0 = Debug|Any CPU
		{7D00A43A-9983-4DAA-BE2A-141A2D3780FE}.Debug|Any CPU.Deploy.0 = Debug|Any CPU
		{7D00A43A-9983-4DAA-BE2A-141A2D3780FE}.Debug|ARM.ActiveCfg = Debug|Any CPU
		{7D00A43A-9983-4DAA-BE2A-141A2D3780FE}.Debug|ARM.Build.0 = Debug|Any CPU
		{7D00A43A-9983-4DAA-BE2A-141A2D3780FE}.Debug|ARM.Deploy.0 = Debug|Any CPU
		{7D00A43A-9983-4DAA-BE2A-141A2D3780FE}.Debug|iPhone.ActiveCfg = Debug|Any CPU
		{7D00A43A-9983-4DAA-BE2A-141A2D3780FE}.Debug|iPhone.Build.0 = Debug|Any CPU
		{7D00A43A-9983-4DAA-BE2A-141A2D3780FE}.Debug|iPhone.Deploy.0 = Debug|Any CPU
		{7D00A43A-9983-4DAA-BE2A-141A2D3780FE}.Debug|iPhoneSimulator.ActiveCfg = Debug|Any CPU
		{7D00A43A-9983-4DAA-BE2A-141A2D3780FE}.Debug|iPhoneSimulator.Build.0 = Debug|Any CPU
		{7D00A43A-9983-4DAA-BE2A-141A2D3780FE}.Debug|iPhoneSimulator.Deploy.0 = Debug|Any CPU
		{7D00A43A-9983-4DAA-BE2A-141A2D3780FE}.Debug|x64.ActiveCfg = Debug|Any CPU
		{7D00A43A-9983-4DAA-BE2A-141A2D3780FE}.Debug|x64.Build.0 = Debug|Any CPU
		{7D00A43A-9983-4DAA-BE2A-141A2D3780FE}.Debug|x64.Deploy.0 = Debug|Any CPU
		{7D00A43A-9983-4DAA-BE2A-141A2D3780FE}.Debug|x86.ActiveCfg = Debug|Any CPU
		{7D00A43A-9983-4DAA-BE2A-141A2D3780FE}.Debug|x86.Build.0 = Debug|Any CPU
		{7D00A43A-9983-4DAA-BE2A-141A2D3780FE}.Debug|x86.Deploy.0 = Debug|Any CPU
		{7D00A43A-9983-4DAA-BE2A-141A2D3780FE}.Release|Any CPU.ActiveCfg = Release|Any CPU
		{7D00A43A-9983-4DAA-BE2A-141A2D3780FE}.Release|Any CPU.Build.0 = Release|Any CPU
		{7D00A43A-9983-4DAA-BE2A-141A2D3780FE}.Release|Any CPU.Deploy.0 = Release|Any CPU
		{7D00A43A-9983-4DAA-BE2A-141A2D3780FE}.Release|ARM.ActiveCfg = Release|Any CPU
		{7D00A43A-9983-4DAA-BE2A-141A2D3780FE}.Release|ARM.Build.0 = Release|Any CPU
		{7D00A43A-9983-4DAA-BE2A-141A2D3780FE}.Release|ARM.Deploy.0 = Release|Any CPU
		{7D00A43A-9983-4DAA-BE2A-141A2D3780FE}.Release|iPhone.ActiveCfg = Release|Any CPU
		{7D00A43A-9983-4DAA-BE2A-141A2D3780FE}.Release|iPhone.Build.0 = Release|Any CPU
		{7D00A43A-9983-4DAA-BE2A-141A2D3780FE}.Release|iPhone.Deploy.0 = Release|Any CPU
		{7D00A43A-9983-4DAA-BE2A-141A2D3780FE}.Release|iPhoneSimulator.ActiveCfg = Release|Any CPU
		{7D00A43A-9983-4DAA-BE2A-141A2D3780FE}.Release|iPhoneSimulator.Build.0 = Release|Any CPU
		{7D00A43A-9983-4DAA-BE2A-141A2D3780FE}.Release|iPhoneSimulator.Deploy.0 = Release|Any CPU
		{7D00A43A-9983-4DAA-BE2A-141A2D3780FE}.Release|x64.ActiveCfg = Release|Any CPU
		{7D00A43A-9983-4DAA-BE2A-141A2D3780FE}.Release|x64.Build.0 = Release|Any CPU
		{7D00A43A-9983-4DAA-BE2A-141A2D3780FE}.Release|x64.Deploy.0 = Release|Any CPU
		{7D00A43A-9983-4DAA-BE2A-141A2D3780FE}.Release|x86.ActiveCfg = Release|Any CPU
		{7D00A43A-9983-4DAA-BE2A-141A2D3780FE}.Release|x86.Build.0 = Release|Any CPU
		{7D00A43A-9983-4DAA-BE2A-141A2D3780FE}.Release|x86.Deploy.0 = Release|Any CPU
	EndGlobalSection
	GlobalSection(SolutionProperties) = preSolution
		HideSolutionNode = FALSE
	EndGlobalSection
	GlobalSection(ExtensibilityGlobals) = postSolution
		SolutionGuid = {63EB0865-5EEF-41F9-8379-41D4C29508E8}
	EndGlobalSection
EndGlobal
